
Microsoft Visual Studio Solution File, Format Version 12.00
# Visual Studio 15
VisualStudioVersion = 15.0.27428.2043
MinimumVisualStudioVersion = 10.0.40219.1
Project("{FAE04EC0-301F-11D3-BF4B-00C04F79EFBC}") = "addressbook-tests", "addressbook-tests\addressbook-tests.csproj", "{8614300B-7CF0-42A9-A162-F25C3127A86F}"
EndProject
Global
	GlobalSection(SolutionConfigurationPlatforms) = preSolution
		Debug|Any CPU = Debug|Any CPU
		Release|Any CPU = Release|Any CPU
	EndGlobalSection
	GlobalSection(ProjectConfigurationPlatforms) = postSolution
		{8614300B-7CF0-42A9-A162-F25C3127A86F}.Debug|Any CPU.ActiveCfg = Debug|Any CPU
		{8614300B-7CF0-42A9-A162-F25C3127A86F}.Debug|Any CPU.Build.0 = Debug|Any CPU
		{8614300B-7CF0-42A9-A162-F25C3127A86F}.Release|Any CPU.ActiveCfg = Release|Any CPU
		{8614300B-7CF0-42A9-A162-F25C3127A86F}.Release|Any CPU.Build.0 = Release|Any CPU
	EndGlobalSection
	GlobalSection(SolutionProperties) = preSolution
		HideSolutionNode = FALSE
	EndGlobalSection
	GlobalSection(ExtensibilityGlobals) = postSolution
		SolutionGuid = {51E0FB06-4AA8-4F8A-9AFA-66EBFA48A22D}
	EndGlobalSection
EndGlobal
